
Microsoft Visual Studio Solution File, Format Version 12.00
# Visual Studio Version 17
VisualStudioVersion = 17.0.31903.59
MinimumVisualStudioVersion = 10.0.40219.1
Project("{2150E333-8FDC-42A3-9474-1A3956D46DE8}") = "src", "src", "{827E0CD3-B72D-47B6-A68D-7590B98EB39B}"
EndProject
Project("{FAE04EC0-301F-11D3-BF4B-00C04F79EFBC}") = "YttStudio.Core", "src\YttStudio.Core\YttStudio.Core.csproj", "{79942233-1AAA-4D2D-9A05-D3E63BB0B903}"
EndProject
Project("{FAE04EC0-301F-11D3-BF4B-00C04F79EFBC}") = "YttStudio.Render", "src\YttStudio.Render\YttStudio.Render.csproj", "{59AA4B05-47DF-4DF4-90BE-14FEBC0AFF69}"
EndProject
Project("{FAE04EC0-301F-11D3-BF4B-00C04F79EFBC}") = "YttStudio.Video", "src\YttStudio.Video\YttStudio.Video.csproj", "{CBE4E26C-3DB8-49B3-B40F-22783F458B2F}"
EndProject
Project("{FAE04EC0-301F-11D3-BF4B-00C04F79EFBC}") = "YttStudio.App", "src\YttStudio.App\YttStudio.App.csproj", "{DDC2AAB9-7D81-4D35-BB52-CDF7EE0CE128}"
EndProject
Project("{2150E333-8FDC-42A3-9474-1A3956D46DE8}") = "tests", "tests", "{0AB3BF05-4346-4AA6-1389-037BE0695223}"
EndProject
Project("{FAE04EC0-301F-11D3-BF4B-00C04F79EFBC}") = "YttStudio.Core.Tests", "tests\YttStudio.Core.Tests\YttStudio.Core.Tests.csproj", "{8A9CA03F-A016-495C-9B53-5F44C727EB67}"
EndProject
Project("{FAE04EC0-301F-11D3-BF4B-00C04F79EFBC}") = "YttStudio.Render.Tests", "tests\YttStudio.Render.Tests\YttStudio.Render.Tests.csproj", "{839878A5-CE37-4285-9044-A51E70E78C28}"
EndProject
Project("{FAE04EC0-301F-11D3-BF4B-00C04F79EFBC}") = "YttStudio.Video.Tests", "tests\YttStudio.Video.Tests\YttStudio.Video.Tests.csproj", "{A2D50E7F-A527-45AC-9B84-7D5734A00A64}"
EndProject
Project("{FAE04EC0-301F-11D3-BF4B-00C04F79EFBC}") = "YTSubConverter.Shared", "external\YTSubConverter\YTSubConverter.Shared\YTSubConverter.Shared.csproj", "{6C957A8D-2020-4A95-81D0-9DE8F6E93017}"
EndProject
Project("{FAE04EC0-301F-11D3-BF4B-00C04F79EFBC}") = "YttStudio.App.Tests", "tests\YttStudio.App.Tests\YttStudio.App.Tests.csproj", "{3168EEDC-D23E-455F-B9F2-D189E122F06E}"
EndProject
Global
	GlobalSection(SolutionConfigurationPlatforms) = preSolution
		Debug|Any CPU = Debug|Any CPU
		Debug|x64 = Debug|x64
		Debug|x86 = Debug|x86
		Release|Any CPU = Release|Any CPU
		Release|x64 = Release|x64
		Release|x86 = Release|x86
	EndGlobalSection
	GlobalSection(ProjectConfigurationPlatforms) = postSolution
		{79942233-1AAA-4D2D-9A05-D3E63BB0B903}.Debug|Any CPU.ActiveCfg = Debug|Any CPU
		{79942233-1AAA-4D2D-9A05-D3E63BB0B903}.Debug|Any CPU.Build.0 = Debug|Any CPU
		{79942233-1AAA-4D2D-9A05-D3E63BB0B903}.Debug|x64.ActiveCfg = Debug|Any CPU
		{79942233-1AAA-4D2D-9A05-D3E63BB0B903}.Debug|x64.Build.0 = Debug|Any CPU
		{79942233-1AAA-4D2D-9A05-D3E63BB0B903}.Debug|x86.ActiveCfg = Debug|Any CPU
		{79942233-1AAA-4D2D-9A05-D3E63BB0B903}.Debug|x86.Build.0 = Debug|Any CPU
		{79942233-1AAA-4D2D-9A05-D3E63BB0B903}.Release|Any CPU.ActiveCfg = Release|Any CPU
		{79942233-1AAA-4D2D-9A05-D3E63BB0B903}.Release|Any CPU.Build.0 = Release|Any CPU
		{79942233-1AAA-4D2D-9A05-D3E63BB0B903}.Release|x64.ActiveCfg = Release|Any CPU
		{79942233-1AAA-4D2D-9A05-D3E63BB0B903}.Release|x64.Build.0 = Release|Any CPU
		{79942233-1AAA-4D2D-9A05-D3E63BB0B903}.Release|x86.ActiveCfg = Release|Any CPU
		{79942233-1AAA-4D2D-9A05-D3E63BB0B903}.Release|x86.Build.0 = Release|Any CPU
		{59AA4B05-47DF-4DF4-90BE-14FEBC0AFF69}.Debug|Any CPU.ActiveCfg = Debug|Any CPU
		{59AA4B05-47DF-4DF4-90BE-14FEBC0AFF69}.Debug|Any CPU.Build.0 = Debug|Any CPU
		{59AA4B05-47DF-4DF4-90BE-14FEBC0AFF69}.Debug|x64.ActiveCfg = Debug|Any CPU
		{59AA4B05-47DF-4DF4-90BE-14FEBC0AFF69}.Debug|x64.Build.0 = Debug|Any CPU
		{59AA4B05-47DF-4DF4-90BE-14FEBC0AFF69}.Debug|x86.ActiveCfg = Debug|Any CPU
		{59AA4B05-47DF-4DF4-90BE-14FEBC0AFF69}.Debug|x86.Build.0 = Debug|Any CPU
		{59AA4B05-47DF-4DF4-90BE-14FEBC0AFF69}.Release|Any CPU.ActiveCfg = Release|Any CPU
		{59AA4B05-47DF-4DF4-90BE-14FEBC0AFF69}.Release|Any CPU.Build.0 = Release|Any CPU
		{59AA4B05-47DF-4DF4-90BE-14FEBC0AFF69}.Release|x64.ActiveCfg = Release|Any CPU
		{59AA4B05-47DF-4DF4-90BE-14FEBC0AFF69}.Release|x64.Build.0 = Release|Any CPU
		{59AA4B05-47DF-4DF4-90BE-14FEBC0AFF69}.Release|x86.ActiveCfg = Release|Any CPU
		{59AA4B05-47DF-4DF4-90BE-14FEBC0AFF69}.Release|x86.Build.0 = Release|Any CPU
		{CBE4E26C-3DB8-49B3-B40F-22783F458B2F}.Debug|Any CPU.ActiveCfg = Debug|Any CPU
		{CBE4E26C-3DB8-49B3-B40F-22783F458B2F}.Debug|Any CPU.Build.0 = Debug|Any CPU
		{CBE4E26C-3DB8-49B3-B40F-22783F458B2F}.Debug|x64.ActiveCfg = Debug|Any CPU
		{CBE4E26C-3DB8-49B3-B40F-22783F458B2F}.Debug|x64.Build.0 = Debug|Any CPU
		{CBE4E26C-3DB8-49B3-B40F-22783F458B2F}.Debug|x86.ActiveCfg = Debug|Any CPU
		{CBE4E26C-3DB8-49B3-B40F-22783F458B2F}.Debug|x86.Build.0 = Debug|Any CPU
		{CBE4E26C-3DB8-49B3-B40F-22783F458B2F}.Release|Any CPU.ActiveCfg = Release|Any CPU
		{CBE4E26C-3DB8-49B3-B40F-22783F458B2F}.Release|Any CPU.Build.0 = Release|Any CPU
		{CBE4E26C-3DB8-49B3-B40F-22783F458B2F}.Release|x64.ActiveCfg = Release|Any CPU
		{CBE4E26C-3DB8-49B3-B40F-22783F458B2F}.Release|x64.Build.0 = Release|Any CPU
		{CBE4E26C-3DB8-49B3-B40F-22783F458B2F}.Release|x86.ActiveCfg = Release|Any CPU
		{CBE4E26C-3DB8-49B3-B40F-22783F458B2F}.Release|x86.Build.0 = Release|Any CPU
		{DDC2AAB9-7D81-4D35-BB52-CDF7EE0CE128}.Debug|Any CPU.ActiveCfg = Debug|Any CPU
		{DDC2AAB9-7D81-4D35-BB52-CDF7EE0CE128}.Debug|Any CPU.Build.0 = Debug|Any CPU
		{DDC2AAB9-7D81-4D35-BB52-CDF7EE0CE128}.Debug|x64.ActiveCfg = Debug|Any CPU
		{DDC2AAB9-7D81-4D35-BB52-CDF7EE0CE128}.Debug|x64.Build.0 = Debug|Any CPU
		{DDC2AAB9-7D81-4D35-BB52-CDF7EE0CE128}.Debug|x86.ActiveCfg = Debug|Any CPU
		{DDC2AAB9-7D81-4D35-BB52-CDF7EE0CE128}.Debug|x86.Build.0 = Debug|Any CPU
		{DDC2AAB9-7D81-4D35-BB52-CDF7EE0CE128}.Release|Any CPU.ActiveCfg = Release|Any CPU
		{DDC2AAB9-7D81-4D35-BB52-CDF7EE0CE128}.Release|Any CPU.Build.0 = Release|Any CPU
		{DDC2AAB9-7D81-4D35-BB52-CDF7EE0CE128}.Release|x64.ActiveCfg = Release|Any CPU
		{DDC2AAB9-7D81-4D35-BB52-CDF7EE0CE128}.Release|x64.Build.0 = Release|Any CPU
		{DDC2AAB9-7D81-4D35-BB52-CDF7EE0CE128}.Release|x86.ActiveCfg = Release|Any CPU
		{DDC2AAB9-7D81-4D35-BB52-CDF7EE0CE128}.Release|x86.Build.0 = Release|Any CPU
		{8A9CA03F-A016-495C-9B53-5F44C727EB67}.Debug|Any CPU.ActiveCfg = Debug|Any CPU
		{8A9CA03F-A016-495C-9B53-5F44C727EB67}.Debug|Any CPU.Build.0 = Debug|Any CPU
		{8A9CA03F-A016-495C-9B53-5F44C727EB67}.Debug|x64.ActiveCfg = Debug|Any CPU
		{8A9CA03F-A016-495C-9B53-5F44C727EB67}.Debug|x64.Build.0 = Debug|Any CPU
		{8A9CA03F-A016-495C-9B53-5F44C727EB67}.Debug|x86.ActiveCfg = Debug|Any CPU
		{8A9CA03F-A016-495C-9B53-5F44C727EB67}.Debug|x86.Build.0 = Debug|Any CPU
		{8A9CA03F-A016-495C-9B53-5F44C727EB67}.Release|Any CPU.ActiveCfg = Release|Any CPU
		{8A9CA03F-A016-495C-9B53-5F44C727EB67}.Release|Any CPU.Build.0 = Release|Any CPU
		{8A9CA03F-A016-495C-9B53-5F44C727EB67}.Release|x64.ActiveCfg = Release|Any CPU
		{8A9CA03F-A016-495C-9B53-5F44C727EB67}.Release|x64.Build.0 = Release|Any CPU
		{8A9CA03F-A016-495C-9B53-5F44C727EB67}.Release|x86.ActiveCfg = Release|Any CPU
		{8A9CA03F-A016-495C-9B53-5F44C727EB67}.Release|x86.Build.0 = Release|Any CPU
		{839878A5-CE37-4285-9044-A51E70E78C28}.Debug|Any CPU.ActiveCfg = Debug|Any CPU
		{839878A5-CE37-4285-9044-A51E70E78C28}.Debug|Any CPU.Build.0 = Debug|Any CPU
		{839878A5-CE37-4285-9044-A51E70E78C28}.Debug|x64.ActiveCfg = Debug|Any CPU
		{839878A5-CE37-4285-9044-A51E70E78C28}.Debug|x64.Build.0 = Debug|Any CPU
		{839878A5-CE37-4285-9044-A51E70E78C28}.Debug|x86.ActiveCfg = Debug|Any CPU
		{839878A5-CE37-4285-9044-A51E70E78C28}.Debug|x86.Build.0 = Debug|Any CPU
		{839878A5-CE37-4285-9044-A51E70E78C28}.Release|Any CPU.ActiveCfg = Release|Any CPU
		{839878A5-CE37-4285-9044-A51E70E78C28}.Release|Any CPU.Build.0 = Release|Any CPU
		{839878A5-CE37-4285-9044-A51E70E78C28}.Release|x64.ActiveCfg = Release|Any CPU
		{839878A5-CE37-4285-9044-A51E70E78C28}.Release|x64.Build.0 = Release|Any CPU
		{839878A5-CE37-4285-9044-A51E70E78C28}.Release|x86.ActiveCfg = Release|Any CPU
		{839878A5-CE37-4285-9044-A51E70E78C28}.Release|x86.Build.0 = Release|Any CPU
		{A2D50E7F-A527-45AC-9B84-7D5734A00A64}.Debug|Any CPU.ActiveCfg = Debug|Any CPU
		{A2D50E7F-A527-45AC-9B84-7D5734A00A64}.Debug|Any CPU.Build.0 = Debug|Any CPU
		{A2D50E7F-A527-45AC-9B84-7D5734A00A64}.Debug|x64.ActiveCfg = Debug|Any CPU
		{A2D50E7F-A527-45AC-9B84-7D5734A00A64}.Debug|x64.Build.0 = Debug|Any CPU
		{A2D50E7F-A527-45AC-9B84-7D5734A00A64}.Debug|x86.ActiveCfg = Debug|Any CPU
		{A2D50E7F-A527-45AC-9B84-7D5734A00A64}.Debug|x86.Build.0 = Debug|Any CPU
		{A2D50E7F-A527-45AC-9B84-7D5734A00A64}.Release|Any CPU.ActiveCfg = Release|Any CPU
		{A2D50E7F-A527-45AC-9B84-7D5734A00A64}.Release|Any CPU.Build.0 = Release|Any CPU
		{A2D50E7F-A527-45AC-9B84-7D5734A00A64}.Release|x64.ActiveCfg = Release|Any CPU
		{A2D50E7F-A527-45AC-9B84-7D5734A00A64}.Release|x64.Build.0 = Release|Any CPU
		{A2D50E7F-A527-45AC-9B84-7D5734A00A64}.Release|x86.ActiveCfg = Release|Any CPU
		{A2D50E7F-A527-45AC-9B84-7D5734A00A64}.Release|x86.Build.0 = Release|Any CPU
		{6C957A8D-2020-4A95-81D0-9DE8F6E93017}.Debug|Any CPU.ActiveCfg = Debug|Any CPU
		{6C957A8D-2020-4A95-81D0-9DE8F6E93017}.Debug|Any CPU.Build.0 = Debug|Any CPU
		{6C957A8D-2020-4A95-81D0-9DE8F6E93017}.Debug|x64.ActiveCfg = Debug|Any CPU
		{6C957A8D-2020-4A95-81D0-9DE8F6E93017}.Debug|x64.Build.0 = Debug|Any CPU
		{6C957A8D-2020-4A95-81D0-9DE8F6E93017}.Debug|x86.ActiveCfg = Debug|Any CPU
		{6C957A8D-2020-4A95-81D0-9DE8F6E93017}.Debug|x86.Build.0 = Debug|Any CPU
		{6C957A8D-2020-4A95-81D0-9DE8F6E93017}.Release|Any CPU.ActiveCfg = Release|Any CPU
		{6C957A8D-2020-4A95-81D0-9DE8F6E93017}.Release|Any CPU.Build.0 = Release|Any CPU
		{6C957A8D-2020-4A95-81D0-9DE8F6E93017}.Release|x64.ActiveCfg = Release|Any CPU
		{6C957A8D-2020-4A95-81D0-9DE8F6E93017}.Release|x64.Build.0 = Release|Any CPU
		{6C957A8D-2020-4A95-81D0-9DE8F6E93017}.Release|x86.ActiveCfg = Release|Any CPU
		{6C957A8D-2020-4A95-81D0-9DE8F6E93017}.Release|x86.Build.0 = Release|Any CPU
		{3168EEDC-D23E-455F-B9F2-D189E122F06E}.Debug|Any CPU.ActiveCfg = Debug|Any CPU
		{3168EEDC-D23E-455F-B9F2-D189E122F06E}.Debug|Any CPU.Build.0 = Debug|Any CPU
		{3168EEDC-D23E-455F-B9F2-D189E122F06E}.Debug|x64.ActiveCfg = Debug|Any CPU
		{3168EEDC-D23E-455F-B9F2-D189E122F06E}.Debug|x64.Build.0 = Debug|Any CPU
		{3168EEDC-D23E-455F-B9F2-D189E122F06E}.Debug|x86.ActiveCfg = Debug|Any CPU
		{3168EEDC-D23E-455F-B9F2-D189E122F06E}.Debug|x86.Build.0 = Debug|Any CPU
		{3168EEDC-D23E-455F-B9F2-D189E122F06E}.Release|Any CPU.ActiveCfg = Release|Any CPU
		{3168EEDC-D23E-455F-B9F2-D189E122F06E}.Release|Any CPU.Build.0 = Release|Any CPU
		{3168EEDC-D23E-455F-B9F2-D189E122F06E}.Release|x64.ActiveCfg = Release|Any CPU
		{3168EEDC-D23E-455F-B9F2-D189E122F06E}.Release|x64.Build.0 = Release|Any CPU
		{3168EEDC-D23E-455F-B9F2-D189E122F06E}.Release|x86.ActiveCfg = Release|Any CPU
		{3168EEDC-D23E-455F-B9F2-D189E122F06E}.Release|x86.Build.0 = Release|Any CPU
	EndGlobalSection
	GlobalSection(SolutionProperties) = preSolution
		HideSolutionNode = FALSE
	EndGlobalSection
	GlobalSection(NestedProjects) = preSolution
		{79942233-1AAA-4D2D-9A05-D3E63BB0B903} = {827E0CD3-B72D-47B6-A68D-7590B98EB39B}
		{59AA4B05-47DF-4DF4-90BE-14FEBC0AFF69} = {827E0CD3-B72D-47B6-A68D-7590B98EB39B}
		{CBE4E26C-3DB8-49B3-B40F-22783F458B2F} = {827E0CD3-B72D-47B6-A68D-7590B98EB39B}
		{DDC2AAB9-7D81-4D35-BB52-CDF7EE0CE128} = {827E0CD3-B72D-47B6-A68D-7590B98EB39B}
		{8A9CA03F-A016-495C-9B53-5F44C727EB67} = {0AB3BF05-4346-4AA6-1389-037BE0695223}
		{839878A5-CE37-4285-9044-A51E70E78C28} = {0AB3BF05-4346-4AA6-1389-037BE0695223}
		{A2D50E7F-A527-45AC-9B84-7D5734A00A64} = {0AB3BF05-4346-4AA6-1389-037BE0695223}
		{3168EEDC-D23E-455F-B9F2-D189E122F06E} = {0AB3BF05-4346-4AA6-1389-037BE0695223}
	EndGlobalSection
EndGlobal
